
Microsoft Visual Studio Solution File, Format Version 12.00
# Visual Studio Version 16
VisualStudioVersion = 16.0.28714.193
MinimumVisualStudioVersion = 10.0.40219.1
Project("{FAE04EC0-301F-11D3-BF4B-00C04F79EFBC}") = "ARM Headman", "ARM Headman\ARM Headman.csproj", "{C3713827-F32F-4ECF-B460-FFF3D5DB23CB}"
EndProject
Global
	GlobalSection(SolutionConfigurationPlatforms) = preSolution
		Debug|Any CPU = Debug|Any CPU
		Release|Any CPU = Release|Any CPU
	EndGlobalSection
	GlobalSection(ProjectConfigurationPlatforms) = postSolution
		{C3713827-F32F-4ECF-B460-FFF3D5DB23CB}.Debug|Any CPU.ActiveCfg = Debug|Any CPU
		{C3713827-F32F-4ECF-B460-FFF3D5DB23CB}.Debug|Any CPU.Build.0 = Debug|Any CPU
		{C3713827-F32F-4ECF-B460-FFF3D5DB23CB}.Release|Any CPU.ActiveCfg = Release|Any CPU
		{C3713827-F32F-4ECF-B460-FFF3D5DB23CB}.Release|Any CPU.Build.0 = Release|Any CPU
	EndGlobalSection
	GlobalSection(SolutionProperties) = preSolution
		HideSolutionNode = FALSE
	EndGlobalSection
	GlobalSection(ExtensibilityGlobals) = postSolution
		SolutionGuid = {8FCF3566-C2BD-4AC1-A651-257E8AC32DBF}
	EndGlobalSection
EndGlobal
